PODS:
  - Alamofire (3.5.1)
  - Charts (2.3.1):
    - Charts/Core (= 2.3.1)
  - Charts/Core (2.3.1)

DEPENDENCIES:
  - Alamofire (~> 3.0)
  - Charts (~> 2.3)

SPEC CHECKSUMS:
  Alamofire: 0dfba1184a543e2aa160f4e39cac4e8aba48d223
  Charts: f04119c743c6996ba67fb8016d3a4878a38ca13f

PODFILE CHECKSUM: 66e8e89533fde630b6f717230552d41bfe0f0bcd

COCOAPODS: 1.1.0.rc.3
